
Microsoft Visual Studio Solution File, Format Version 12.00
# Visual Studio Version 17
VisualStudioVersion = 17.11.35431.28
MinimumVisualStudioVersion = 10.0.40219.1
Project("{FAE04EC0-301F-11D3-BF4B-00C04F79EFBC}") = "Keeno", "Keeno\Keeno.csproj", "{EAECFA46-0D2A-4C60-9A63-F83EA40D011A}"
EndProject
Global
	GlobalSection(SolutionConfigurationPlatforms) = preSolution
		Debug|Any CPU = Debug|Any CPU
		Release|Any CPU = Release|Any CPU
	EndGlobalSection
	GlobalSection(ProjectConfigurationPlatforms) = postSolution
		{EAECFA46-0D2A-4C60-9A63-F83EA40D011A}.Debug|Any CPU.ActiveCfg = Debug|Any CPU
		{EAECFA46-0D2A-4C60-9A63-F83EA40D011A}.Debug|Any CPU.Build.0 = Debug|Any CPU
		{EAECFA46-0D2A-4C60-9A63-F83EA40D011A}.Release|Any CPU.ActiveCfg = Release|Any CPU
		{EAECFA46-0D2A-4C60-9A63-F83EA40D011A}.Release|Any CPU.Build.0 = Release|Any CPU
	EndGlobalSection
	GlobalSection(SolutionProperties) = preSolution
		HideSolutionNode = FALSE
	EndGlobalSection
	GlobalSection(ExtensibilityGlobals) = postSolution
		SolutionGuid = {921D20F3-EED9-4909-B5FC-405DB5D0BD90}
	EndGlobalSection
EndGlobal
